version: 1.0
shards:
  active_record:
    github: waterlink/active_record.cr
    commit: 

  db:
    github: crystal-lang/crystal-db
    version: 0.4.2

  kemal:
    github: kemalcr/kemal
    commit: 0724e07c22513790fbeefeca3bf8e1a8407d44b2

  kilt:
    github: jeromegn/kilt
    version: 0.3.3

  pg:
    github: will/crystal-pg
    version: 0.13.3

  pool:
    github: ysbaddaden/pool
    version: 0.2.3

  postgres_adapter:
    github: waterlink/postgres_adapter.cr
    version: 0.5.1

  query:
    github: waterlink/query.cr
    version: 0.2.5

  radix:
    github: luislavena/radix
    version: 0.3.8

